
Microsoft Visual Studio Solution File, Format Version 12.00
# Visual Studio 2013
VisualStudioVersion = 12.0.21005.1
MinimumVisualStudioVersion = 10.0.40219.1
Project("{FAE04EC0-301F-11D3-BF4B-00C04F79EFBC}") = "MovieDBScanner", "MovieDBScanner\MovieDBScanner.csproj", "{C6546A68-676F-4354-A448-78EA446EF29B}"
EndProject
Project("{FAE04EC0-301F-11D3-BF4B-00C04F79EFBC}") = "MovieDBRepository", "MovieDBRepository\MovieDBRepository.csproj", "{535F505E-C329-42F7-89C1-5AF740D9E255}"
EndProject
Project("{FAE04EC0-301F-11D3-BF4B-00C04F79EFBC}") = "MovieDBShared", "MovieDBShared\MovieDBShared.csproj", "{41A0E209-DBF5-4DAC-86AE-5B28537D19EC}"
EndProject
Project("{FAE04EC0-301F-11D3-BF4B-00C04F79EFBC}") = "MovieDBWeb", "MovieDBWeb\MovieDBWeb.csproj", "{9DCB7B8A-FF9B-449A-A5A3-2C4AA0A6945F}"
EndProject
Global
	GlobalSection(SolutionConfigurationPlatforms) = preSolution
		Debug|Any CPU = Debug|Any CPU
		Debug|Mixed Platforms = Debug|Mixed Platforms
		Debug|x86 = Debug|x86
		Release|Any CPU = Release|Any CPU
		Release|Mixed Platforms = Release|Mixed Platforms
		Release|x86 = Release|x86
	EndGlobalSection
	GlobalSection(ProjectConfigurationPlatforms) = postSolution
		{C6546A68-676F-4354-A448-78EA446EF29B}.Debug|Any CPU.ActiveCfg = Debug|x86
		{C6546A68-676F-4354-A448-78EA446EF29B}.Debug|Any CPU.Build.0 = Debug|x86
		{C6546A68-676F-4354-A448-78EA446EF29B}.Debug|Mixed Platforms.ActiveCfg = Debug|x86
		{C6546A68-676F-4354-A448-78EA446EF29B}.Debug|Mixed Platforms.Build.0 = Debug|x86
		{C6546A68-676F-4354-A448-78EA446EF29B}.Debug|x86.ActiveCfg = Debug|x86
		{C6546A68-676F-4354-A448-78EA446EF29B}.Debug|x86.Build.0 = Debug|x86
		{C6546A68-676F-4354-A448-78EA446EF29B}.Release|Any CPU.ActiveCfg = Release|x86
		{C6546A68-676F-4354-A448-78EA446EF29B}.Release|Mixed Platforms.ActiveCfg = Release|x86
		{C6546A68-676F-4354-A448-78EA446EF29B}.Release|Mixed Platforms.Build.0 = Release|x86
		{C6546A68-676F-4354-A448-78EA446EF29B}.Release|x86.ActiveCfg = Release|x86
		{C6546A68-676F-4354-A448-78EA446EF29B}.Release|x86.Build.0 = Release|x86
		{535F505E-C329-42F7-89C1-5AF740D9E255}.Debug|Any CPU.ActiveCfg = Debug|Any CPU
		{535F505E-C329-42F7-89C1-5AF740D9E255}.Debug|Any CPU.Build.0 = Debug|Any CPU
		{535F505E-C329-42F7-89C1-5AF740D9E255}.Debug|Mixed Platforms.ActiveCfg = Debug|Any CPU
		{535F505E-C329-42F7-89C1-5AF740D9E255}.Debug|Mixed Platforms.Build.0 = Debug|Any CPU
		{535F505E-C329-42F7-89C1-5AF740D9E255}.Debug|x86.ActiveCfg = Debug|Any CPU
		{535F505E-C329-42F7-89C1-5AF740D9E255}.Debug|x86.Build.0 = Debug|Any CPU
		{535F505E-C329-42F7-89C1-5AF740D9E255}.Release|Any CPU.ActiveCfg = Release|Any CPU
		{535F505E-C329-42F7-89C1-5AF740D9E255}.Release|Any CPU.Build.0 = Release|Any CPU
		{535F505E-C329-42F7-89C1-5AF740D9E255}.Release|Mixed Platforms.ActiveCfg = Release|Any CPU
		{535F505E-C329-42F7-89C1-5AF740D9E255}.Release|Mixed Platforms.Build.0 = Release|Any CPU
		{535F505E-C329-42F7-89C1-5AF740D9E255}.Release|x86.ActiveCfg = Release|Any CPU
		{41A0E209-DBF5-4DAC-86AE-5B28537D19EC}.Debug|Any CPU.ActiveCfg = Debug|Any CPU
		{41A0E209-DBF5-4DAC-86AE-5B28537D19EC}.Debug|Any CPU.Build.0 = Debug|Any CPU
		{41A0E209-DBF5-4DAC-86AE-5B28537D19EC}.Debug|Mixed Platforms.ActiveCfg = Debug|Any CPU
		{41A0E209-DBF5-4DAC-86AE-5B28537D19EC}.Debug|Mixed Platforms.Build.0 = Debug|Any CPU
		{41A0E209-DBF5-4DAC-86AE-5B28537D19EC}.Debug|x86.ActiveCfg = Debug|Any CPU
		{41A0E209-DBF5-4DAC-86AE-5B28537D19EC}.Debug|x86.Build.0 = Debug|Any CPU
		{41A0E209-DBF5-4DAC-86AE-5B28537D19EC}.Release|Any CPU.ActiveCfg = Release|Any CPU
		{41A0E209-DBF5-4DAC-86AE-5B28537D19EC}.Release|Any CPU.Build.0 = Release|Any CPU
		{41A0E209-DBF5-4DAC-86AE-5B28537D19EC}.Release|Mixed Platforms.ActiveCfg = Release|Any CPU
		{41A0E209-DBF5-4DAC-86AE-5B28537D19EC}.Release|Mixed Platforms.Build.0 = Release|Any CPU
		{41A0E209-DBF5-4DAC-86AE-5B28537D19EC}.Release|x86.ActiveCfg = Release|Any CPU
		{9DCB7B8A-FF9B-449A-A5A3-2C4AA0A6945F}.Debug|Any CPU.ActiveCfg = Debug|Any CPU
		{9DCB7B8A-FF9B-449A-A5A3-2C4AA0A6945F}.Debug|Any CPU.Build.0 = Debug|Any CPU
		{9DCB7B8A-FF9B-449A-A5A3-2C4AA0A6945F}.Debug|Mixed Platforms.ActiveCfg = Debug|Any CPU
		{9DCB7B8A-FF9B-449A-A5A3-2C4AA0A6945F}.Debug|Mixed Platforms.Build.0 = Debug|Any CPU
		{9DCB7B8A-FF9B-449A-A5A3-2C4AA0A6945F}.Debug|x86.ActiveCfg = Debug|Any CPU
		{9DCB7B8A-FF9B-449A-A5A3-2C4AA0A6945F}.Debug|x86.Build.0 = Debug|Any CPU
		{9DCB7B8A-FF9B-449A-A5A3-2C4AA0A6945F}.Release|Any CPU.ActiveCfg = Release|Any CPU
		{9DCB7B8A-FF9B-449A-A5A3-2C4AA0A6945F}.Release|Any CPU.Build.0 = Release|Any CPU
		{9DCB7B8A-FF9B-449A-A5A3-2C4AA0A6945F}.Release|Mixed Platforms.ActiveCfg = Release|Any CPU
		{9DCB7B8A-FF9B-449A-A5A3-2C4AA0A6945F}.Release|Mixed Platforms.Build.0 = Release|Any CPU
		{9DCB7B8A-FF9B-449A-A5A3-2C4AA0A6945F}.Release|x86.ActiveCfg = Release|Any CPU
	EndGlobalSection
	GlobalSection(SolutionProperties) = preSolution
		HideSolutionNode = FALSE
	EndGlobalSection
EndGlobal
